
Microsoft Visual Studio Solution File, Format Version 12.00
Project("{FAE04EC0-301F-11D3-BF4B-00C04F79EFBC}") = "Lab_3", "Lab_3\Lab_3.csproj", "{1B8926C0-1D5E-4E64-BFBA-97FB75520250}"
EndProject
Project("{FAE04EC0-301F-11D3-BF4B-00C04F79EFBC}") = "Lab_3_2", "Lab_3_2\Lab_3_2.csproj", "{F1893D7C-9118-4C0C-A534-98E66989F9C8}"
EndProject
Global
	GlobalSection(SolutionConfigurationPlatforms) = preSolution
		Debug|Any CPU = Debug|Any CPU
		Release|Any CPU = Release|Any CPU
	EndGlobalSection
	GlobalSection(ProjectConfigurationPlatforms) = postSolution
		{1B8926C0-1D5E-4E64-BFBA-97FB75520250}.Debug|Any CPU.ActiveCfg = Debug|Any CPU
		{1B8926C0-1D5E-4E64-BFBA-97FB75520250}.Debug|Any CPU.Build.0 = Debug|Any CPU
		{1B8926C0-1D5E-4E64-BFBA-97FB75520250}.Release|Any CPU.ActiveCfg = Release|Any CPU
		{1B8926C0-1D5E-4E64-BFBA-97FB75520250}.Release|Any CPU.Build.0 = Release|Any CPU
		{F1893D7C-9118-4C0C-A534-98E66989F9C8}.Debug|Any CPU.ActiveCfg = Debug|Any CPU
		{F1893D7C-9118-4C0C-A534-98E66989F9C8}.Debug|Any CPU.Build.0 = Debug|Any CPU
		{F1893D7C-9118-4C0C-A534-98E66989F9C8}.Release|Any CPU.ActiveCfg = Release|Any CPU
		{F1893D7C-9118-4C0C-A534-98E66989F9C8}.Release|Any CPU.Build.0 = Release|Any CPU
	EndGlobalSection
EndGlobal
